
Microsoft Visual Studio Solution File, Format Version 12.00
# Visual Studio 14
VisualStudioVersion = 14.0.25420.1
MinimumVisualStudioVersion = 10.0.40219.1
Project("{FAE04EC0-301F-11D3-BF4B-00C04F79EFBC}") = "Automobiles", "Automobiles\Automobiles.csproj", "{910A7928-4F53-4704-9C05-C14C7A4609BA}"
EndProject
Project("{FAE04EC0-301F-11D3-BF4B-00C04F79EFBC}") = "ClassSample", "ClassSample\ClassSample.csproj", "{5707B6DD-C9D9-4480-8ABB-04E9BE0D5CF5}"
EndProject
Project("{E24C65DC-7377-472B-9ABA-BC803B73C61A}") = "ClassWebSiteSample", "..\..\WebSites\ClassWebSiteSample\", "{55940340-79A5-45BA-8ED6-51D4CF1417F1}"
	ProjectSection(WebsiteProperties) = preProject
		TargetFrameworkMoniker = ".NETFramework,Version%3Dv4.5.2"
		ProjectReferences = "{910a7928-4f53-4704-9c05-c14c7a4609ba}|Automobiles.dll;"
		Debug.AspNetCompiler.VirtualPath = "/localhost_60705"
		Debug.AspNetCompiler.PhysicalPath = "..\..\WebSites\ClassWebSiteSample\"
		Debug.AspNetCompiler.TargetPath = "PrecompiledWeb\localhost_60705\"
		Debug.AspNetCompiler.Updateable = "true"
		Debug.AspNetCompiler.ForceOverwrite = "true"
		Debug.AspNetCompiler.FixedNames = "false"
		Debug.AspNetCompiler.Debug = "True"
		Release.AspNetCompiler.VirtualPath = "/localhost_60705"
		Release.AspNetCompiler.PhysicalPath = "..\..\WebSites\ClassWebSiteSample\"
		Release.AspNetCompiler.TargetPath = "PrecompiledWeb\localhost_60705\"
		Release.AspNetCompiler.Updateable = "true"
		Release.AspNetCompiler.ForceOverwrite = "true"
		Release.AspNetCompiler.FixedNames = "false"
		Release.AspNetCompiler.Debug = "False"
		VWDPort = "60705"
		SlnRelativePath = "..\..\WebSites\ClassWebSiteSample\"
		DefaultWebSiteLanguage = "Visual C#"
	EndProjectSection
EndProject
Global
	GlobalSection(SolutionConfigurationPlatforms) = preSolution
		Debug|Any CPU = Debug|Any CPU
		Release|Any CPU = Release|Any CPU
	EndGlobalSection
	GlobalSection(ProjectConfigurationPlatforms) = postSolution
		{910A7928-4F53-4704-9C05-C14C7A4609BA}.Debug|Any CPU.ActiveCfg = Debug|Any CPU
		{910A7928-4F53-4704-9C05-C14C7A4609BA}.Debug|Any CPU.Build.0 = Debug|Any CPU
		{910A7928-4F53-4704-9C05-C14C7A4609BA}.Release|Any CPU.ActiveCfg = Release|Any CPU
		{910A7928-4F53-4704-9C05-C14C7A4609BA}.Release|Any CPU.Build.0 = Release|Any CPU
		{5707B6DD-C9D9-4480-8ABB-04E9BE0D5CF5}.Debug|Any CPU.ActiveCfg = Debug|Any CPU
		{5707B6DD-C9D9-4480-8ABB-04E9BE0D5CF5}.Debug|Any CPU.Build.0 = Debug|Any CPU
		{5707B6DD-C9D9-4480-8ABB-04E9BE0D5CF5}.Release|Any CPU.ActiveCfg = Release|Any CPU
		{5707B6DD-C9D9-4480-8ABB-04E9BE0D5CF5}.Release|Any CPU.Build.0 = Release|Any CPU
		{55940340-79A5-45BA-8ED6-51D4CF1417F1}.Debug|Any CPU.ActiveCfg = Debug|Any CPU
		{55940340-79A5-45BA-8ED6-51D4CF1417F1}.Debug|Any CPU.Build.0 = Debug|Any CPU
		{55940340-79A5-45BA-8ED6-51D4CF1417F1}.Release|Any CPU.ActiveCfg = Debug|Any CPU
		{55940340-79A5-45BA-8ED6-51D4CF1417F1}.Release|Any CPU.Build.0 = Debug|Any CPU
	EndGlobalSection
	GlobalSection(SolutionProperties) = preSolution
		HideSolutionNode = FALSE
	EndGlobalSection
EndGlobal
